{
  "originHash" : "ca65795997bf36e93a151d6b0b4b672190c955f48a07f7722cbf963c4f48f462",
  "pins" : [
    {
      "identity" : "arcgis-maps-sdk-swift",
      "kind" : "remoteSourceControl",
      "location" : "https://github.com/Esri/arcgis-maps-sdk-swift",
      "state" : {
        "revision" : "adf75175cefe345d8f3ebebbb03d799e1cbd206d",
        "version" : "200.4.0"
      }
    },
    {
      "identity" : "arcgis-maps-sdk-swift-toolkit",
      "kind" : "remoteSourceControl",
      "location" : "https://github.com/Esri/arcgis-maps-sdk-swift-toolkit",
      "state" : {
        "revision" : "7b3553985cff4140163fb49c11bd741128e50d52",
        "version" : "200.4.0"
      }
    }
  ],
  "version" : 3
}
